
Microsoft Visual Studio Solution File, Format Version 12.00
# Visual Studio 2013
VisualStudioVersion = 12.0.21005.1
MinimumVisualStudioVersion = 10.0.40219.1
Project("{8BC9CEB8-8B4A-11D0-8D11-00A0C91BC942}") = "dev_grounds", "dev_grounds\dev_grounds.vcxproj", "{D57A9751-4A9B-49C5-A176-0A6DED8FCF7C}"
EndProject
Project("{8BC9CEB8-8B4A-11D0-8D11-00A0C91BC942}") = "activation_function", "activation_function\activation_function.vcxproj", "{8826164B-C0D2-43F2-8196-0D6801E78F76}"
EndProject
Project("{8BC9CEB8-8B4A-11D0-8D11-00A0C91BC942}") = "neuron", "neuron\neuron.vcxproj", "{69712D01-22D3-4DC3-B1BA-493BCD3CA8AC}"
EndProject
Global
	GlobalSection(SolutionConfigurationPlatforms) = preSolution
		Debug|Win32 = Debug|Win32
		Release|Win32 = Release|Win32
	EndGlobalSection
	GlobalSection(ProjectConfigurationPlatforms) = postSolution
		{D57A9751-4A9B-49C5-A176-0A6DED8FCF7C}.Debug|Win32.ActiveCfg = Debug|Win32
		{D57A9751-4A9B-49C5-A176-0A6DED8FCF7C}.Debug|Win32.Build.0 = Debug|Win32
		{D57A9751-4A9B-49C5-A176-0A6DED8FCF7C}.Release|Win32.ActiveCfg = Release|Win32
		{D57A9751-4A9B-49C5-A176-0A6DED8FCF7C}.Release|Win32.Build.0 = Release|Win32
		{8826164B-C0D2-43F2-8196-0D6801E78F76}.Debug|Win32.ActiveCfg = Debug|Win32
		{8826164B-C0D2-43F2-8196-0D6801E78F76}.Debug|Win32.Build.0 = Debug|Win32
		{8826164B-C0D2-43F2-8196-0D6801E78F76}.Release|Win32.ActiveCfg = Release|Win32
		{8826164B-C0D2-43F2-8196-0D6801E78F76}.Release|Win32.Build.0 = Release|Win32
		{69712D01-22D3-4DC3-B1BA-493BCD3CA8AC}.Debug|Win32.ActiveCfg = Debug|Win32
		{69712D01-22D3-4DC3-B1BA-493BCD3CA8AC}.Debug|Win32.Build.0 = Debug|Win32
		{69712D01-22D3-4DC3-B1BA-493BCD3CA8AC}.Release|Win32.ActiveCfg = Release|Win32
		{69712D01-22D3-4DC3-B1BA-493BCD3CA8AC}.Release|Win32.Build.0 = Release|Win32
	EndGlobalSection
	GlobalSection(SolutionProperties) = preSolution
		HideSolutionNode = FALSE
	EndGlobalSection
EndGlobal
